
Microsoft Visual Studio Solution File, Format Version 12.00
# Visual Studio Version 17
VisualStudioVersion = 17.1.32319.34
MinimumVisualStudioVersion = 10.0.40219.1
Project("{9A19103F-16F7-4668-BE54-9A1E7A4F7556}") = "Shims.WindowsAzure.ServiceBus", "src\WindowsAzure.ServiceBus.Shim\Shims.WindowsAzure.ServiceBus.csproj", "{E2B8CEC6-0156-430D-8399-A374935F1756}"
EndProject
Project("{2150E333-8FDC-42A3-9474-1A3956D46DE8}") = "src", "src", "{B1C8A9F3-70FB-4754-8275-21B00377A369}"
EndProject
Project("{2150E333-8FDC-42A3-9474-1A3956D46DE8}") = "samples", "samples", "{AA8CC65A-0E1F-427D-AE6E-8204E8F21329}"
EndProject
Project("{2150E333-8FDC-42A3-9474-1A3956D46DE8}") = "tests", "tests", "{6FC05383-60F0-4FC4-B84F-166E09EB2FC9}"
EndProject
Project("{9A19103F-16F7-4668-BE54-9A1E7A4F7556}") = "Unit.Tests", "tests\Unit.Tests\Unit.Tests.csproj", "{7D53D7E2-2F96-47CA-BFAB-D99278490010}"
EndProject
Project("{9A19103F-16F7-4668-BE54-9A1E7A4F7556}") = "WindowsAzure.ServiceBus.Net.Runner", "samples\WindowsAzure.ServiceBus.Net.Runner\WindowsAzure.ServiceBus.Net.Runner.csproj", "{CD72720A-152A-4B31-850D-F23EB046893E}"
EndProject
Project("{9A19103F-16F7-4668-BE54-9A1E7A4F7556}") = "WindowsAzure.ServiceBus.NetFx.Runner", "samples\WindowsAzure.ServiceBus.NetFx.Runner\WindowsAzure.ServiceBus.NetFx.Runner.csproj", "{D1B0C5EC-01BC-4D77-9073-D60CF1392E99}"
EndProject
Global
	GlobalSection(SolutionConfigurationPlatforms) = preSolution
		Debug|Any CPU = Debug|Any CPU
		Release|Any CPU = Release|Any CPU
	EndGlobalSection
	GlobalSection(ProjectConfigurationPlatforms) = postSolution
		{E2B8CEC6-0156-430D-8399-A374935F1756}.Debug|Any CPU.ActiveCfg = Debug|Any CPU
		{E2B8CEC6-0156-430D-8399-A374935F1756}.Debug|Any CPU.Build.0 = Debug|Any CPU
		{E2B8CEC6-0156-430D-8399-A374935F1756}.Release|Any CPU.ActiveCfg = Release|Any CPU
		{E2B8CEC6-0156-430D-8399-A374935F1756}.Release|Any CPU.Build.0 = Release|Any CPU
		{7D53D7E2-2F96-47CA-BFAB-D99278490010}.Debug|Any CPU.ActiveCfg = Debug|Any CPU
		{7D53D7E2-2F96-47CA-BFAB-D99278490010}.Debug|Any CPU.Build.0 = Debug|Any CPU
		{7D53D7E2-2F96-47CA-BFAB-D99278490010}.Release|Any CPU.ActiveCfg = Release|Any CPU
		{7D53D7E2-2F96-47CA-BFAB-D99278490010}.Release|Any CPU.Build.0 = Release|Any CPU
		{CD72720A-152A-4B31-850D-F23EB046893E}.Debug|Any CPU.ActiveCfg = Debug|Any CPU
		{CD72720A-152A-4B31-850D-F23EB046893E}.Debug|Any CPU.Build.0 = Debug|Any CPU
		{CD72720A-152A-4B31-850D-F23EB046893E}.Release|Any CPU.ActiveCfg = Release|Any CPU
		{CD72720A-152A-4B31-850D-F23EB046893E}.Release|Any CPU.Build.0 = Release|Any CPU
		{D1B0C5EC-01BC-4D77-9073-D60CF1392E99}.Debug|Any CPU.ActiveCfg = Debug|Any CPU
		{D1B0C5EC-01BC-4D77-9073-D60CF1392E99}.Debug|Any CPU.Build.0 = Debug|Any CPU
		{D1B0C5EC-01BC-4D77-9073-D60CF1392E99}.Release|Any CPU.ActiveCfg = Release|Any CPU
		{D1B0C5EC-01BC-4D77-9073-D60CF1392E99}.Release|Any CPU.Build.0 = Release|Any CPU
	EndGlobalSection
	GlobalSection(SolutionProperties) = preSolution
		HideSolutionNode = FALSE
	EndGlobalSection
	GlobalSection(NestedProjects) = preSolution
		{E2B8CEC6-0156-430D-8399-A374935F1756} = {B1C8A9F3-70FB-4754-8275-21B00377A369}
		{7D53D7E2-2F96-47CA-BFAB-D99278490010} = {6FC05383-60F0-4FC4-B84F-166E09EB2FC9}
		{CD72720A-152A-4B31-850D-F23EB046893E} = {AA8CC65A-0E1F-427D-AE6E-8204E8F21329}
		{D1B0C5EC-01BC-4D77-9073-D60CF1392E99} = {AA8CC65A-0E1F-427D-AE6E-8204E8F21329}
	EndGlobalSection
	GlobalSection(ExtensibilityGlobals) = postSolution
		SolutionGuid = {703B4641-52E0-4305-B323-F21EDEE0B749}
	EndGlobalSection
EndGlobal
