
Microsoft Visual Studio Solution File, Format Version 12.00
# Visual Studio Version 17
VisualStudioVersion = 17.1.32319.34
MinimumVisualStudioVersion = 10.0.40219.1
Project("{FAE04EC0-301F-11D3-BF4B-00C04F79EFBC}") = "WindowsAzure.ServiceBus.Shim", "src\WindowsAzure.ServiceBus.Shim\WindowsAzure.ServiceBus.Shim.csproj", "{E2B8CEC6-0156-430D-8399-A374935F1756}"
EndProject
Project("{FAE04EC0-301F-11D3-BF4B-00C04F79EFBC}") = "WindowsAzure.ServiceBus.NetFx.Runner", "src\WindowsAzure.ServiceBus.NetFx.Runner\WindowsAzure.ServiceBus.NetFx.Runner.csproj", "{AD2593A1-F1F2-48D8-8C61-206E0ED316FE}"
EndProject
Project("{FAE04EC0-301F-11D3-BF4B-00C04F79EFBC}") = "WindowsAzure.ServiceBus.Net.Runner", "src\WindowsAzure.ServiceBus.Net.Runner\WindowsAzure.ServiceBus.Net.Runner.csproj", "{AF345FA0-F8C6-4AA9-B184-7730852608FD}"
EndProject
Global
	GlobalSection(SolutionConfigurationPlatforms) = preSolution
		Debug|Any CPU = Debug|Any CPU
		Release|Any CPU = Release|Any CPU
	EndGlobalSection
	GlobalSection(ProjectConfigurationPlatforms) = postSolution
		{E2B8CEC6-0156-430D-8399-A374935F1756}.Debug|Any CPU.ActiveCfg = Debug|Any CPU
		{E2B8CEC6-0156-430D-8399-A374935F1756}.Debug|Any CPU.Build.0 = Debug|Any CPU
		{E2B8CEC6-0156-430D-8399-A374935F1756}.Release|Any CPU.ActiveCfg = Release|Any CPU
		{E2B8CEC6-0156-430D-8399-A374935F1756}.Release|Any CPU.Build.0 = Release|Any CPU
		{AD2593A1-F1F2-48D8-8C61-206E0ED316FE}.Debug|Any CPU.ActiveCfg = Debug|Any CPU
		{AD2593A1-F1F2-48D8-8C61-206E0ED316FE}.Debug|Any CPU.Build.0 = Debug|Any CPU
		{AD2593A1-F1F2-48D8-8C61-206E0ED316FE}.Release|Any CPU.ActiveCfg = Release|Any CPU
		{AD2593A1-F1F2-48D8-8C61-206E0ED316FE}.Release|Any CPU.Build.0 = Release|Any CPU
		{AF345FA0-F8C6-4AA9-B184-7730852608FD}.Debug|Any CPU.ActiveCfg = Debug|Any CPU
		{AF345FA0-F8C6-4AA9-B184-7730852608FD}.Debug|Any CPU.Build.0 = Debug|Any CPU
		{AF345FA0-F8C6-4AA9-B184-7730852608FD}.Release|Any CPU.ActiveCfg = Release|Any CPU
		{AF345FA0-F8C6-4AA9-B184-7730852608FD}.Release|Any CPU.Build.0 = Release|Any CPU
	EndGlobalSection
	GlobalSection(SolutionProperties) = preSolution
		HideSolutionNode = FALSE
	EndGlobalSection
	GlobalSection(ExtensibilityGlobals) = postSolution
		SolutionGuid = {703B4641-52E0-4305-B323-F21EDEE0B749}
	EndGlobalSection
EndGlobal
